
Microsoft Visual Studio Solution File, Format Version 12.00
# Visual Studio Version 16
VisualStudioVersion = 16.0.29424.173
MinimumVisualStudioVersion = 10.0.40219.1
Project("{FAE04EC0-301F-11D3-BF4B-00C04F79EFBC}") = "TestWebApp", "TestWebApp.csproj", "{13B53697-A515-46FB-B562-07353B23EC7A}"
EndProject
Global
	GlobalSection(SolutionConfigurationPlatforms) = preSolution
		Debug|Any CPU = Debug|Any CPU
		Release|Any CPU = Release|Any CPU
	EndGlobalSection
	GlobalSection(ProjectConfigurationPlatforms) = postSolution
		{13B53697-A515-46FB-B562-07353B23EC7A}.Debug|Any CPU.ActiveCfg = Debug|Any CPU
		{13B53697-A515-46FB-B562-07353B23EC7A}.Debug|Any CPU.Build.0 = Debug|Any CPU
		{13B53697-A515-46FB-B562-07353B23EC7A}.Release|Any CPU.ActiveCfg = Release|Any CPU
		{13B53697-A515-46FB-B562-07353B23EC7A}.Release|Any CPU.Build.0 = Release|Any CPU
	EndGlobalSection
	GlobalSection(SolutionProperties) = preSolution
		HideSolutionNode = FALSE
	EndGlobalSection
	GlobalSection(ExtensibilityGlobals) = postSolution
		SolutionGuid = {1E2DD4DF-DA49-470D-B2F7-FA78F8FECC79}
	EndGlobalSection
EndGlobal
