
Microsoft Visual Studio Solution File, Format Version 12.00
# Visual Studio Version 16
VisualStudioVersion = 16.0.29326.143
MinimumVisualStudioVersion = 10.0.40219.1
Project("{9A19103F-16F7-4668-BE54-9A1E7A4F7556}") = "UniversityAdvisor", "UniversityAdvisor\UniversityAdvisor\UniversityAdvisor.csproj", "{7A1D520D-9CFB-4114-AA40-8F3994925E61}"
EndProject
Project("{FAE04EC0-301F-11D3-BF4B-00C04F79EFBC}") = "UniversityAdvisor.Droid", "UniversityAdvisor\UniversityAdvisor.Android\UniversityAdvisor.Droid.csproj", "{4B513FAC-2232-4BC7-B0B6-2188A1E55B8C}"
EndProject
Project("{FAE04EC0-301F-11D3-BF4B-00C04F79EFBC}") = "WebService", "WebServiceAndroid\WebService.csproj", "{4CB67D83-D041-411B-8605-C30F772C5D4A}"
EndProject
Global
	GlobalSection(SolutionConfigurationPlatforms) = preSolution
		Debug|Any CPU = Debug|Any CPU
		Debug|iPhone = Debug|iPhone
		Debug|iPhoneSimulator = Debug|iPhoneSimulator
		Release|Any CPU = Release|Any CPU
		Release|iPhone = Release|iPhone
		Release|iPhoneSimulator = Release|iPhoneSimulator
	EndGlobalSection
	GlobalSection(ProjectConfigurationPlatforms) = postSolution
		{7A1D520D-9CFB-4114-AA40-8F3994925E61}.Debug|Any CPU.ActiveCfg = Debug|Any CPU
		{7A1D520D-9CFB-4114-AA40-8F3994925E61}.Debug|Any CPU.Build.0 = Debug|Any CPU
		{7A1D520D-9CFB-4114-AA40-8F3994925E61}.Debug|Any CPU.Deploy.0 = Debug|Any CPU
		{7A1D520D-9CFB-4114-AA40-8F3994925E61}.Debug|iPhone.ActiveCfg = Debug|Any CPU
		{7A1D520D-9CFB-4114-AA40-8F3994925E61}.Debug|iPhone.Build.0 = Debug|Any CPU
		{7A1D520D-9CFB-4114-AA40-8F3994925E61}.Debug|iPhone.Deploy.0 = Debug|Any CPU
		{7A1D520D-9CFB-4114-AA40-8F3994925E61}.Debug|iPhoneSimulator.ActiveCfg = Debug|Any CPU
		{7A1D520D-9CFB-4114-AA40-8F3994925E61}.Debug|iPhoneSimulator.Build.0 = Debug|Any CPU
		{7A1D520D-9CFB-4114-AA40-8F3994925E61}.Debug|iPhoneSimulator.Deploy.0 = Debug|Any CPU
		{7A1D520D-9CFB-4114-AA40-8F3994925E61}.Release|Any CPU.ActiveCfg = Release|Any CPU
		{7A1D520D-9CFB-4114-AA40-8F3994925E61}.Release|Any CPU.Build.0 = Release|Any CPU
		{7A1D520D-9CFB-4114-AA40-8F3994925E61}.Release|Any CPU.Deploy.0 = Release|Any CPU
		{7A1D520D-9CFB-4114-AA40-8F3994925E61}.Release|iPhone.ActiveCfg = Release|Any CPU
		{7A1D520D-9CFB-4114-AA40-8F3994925E61}.Release|iPhone.Build.0 = Release|Any CPU
		{7A1D520D-9CFB-4114-AA40-8F3994925E61}.Release|iPhone.Deploy.0 = Release|Any CPU
		{7A1D520D-9CFB-4114-AA40-8F3994925E61}.Release|iPhoneSimulator.ActiveCfg = Release|Any CPU
		{7A1D520D-9CFB-4114-AA40-8F3994925E61}.Release|iPhoneSimulator.Build.0 = Release|Any CPU
		{7A1D520D-9CFB-4114-AA40-8F3994925E61}.Release|iPhoneSimulator.Deploy.0 = Release|Any CPU
		{4B513FAC-2232-4BC7-B0B6-2188A1E55B8C}.Debug|Any CPU.ActiveCfg = Debug|Any CPU
		{4B513FAC-2232-4BC7-B0B6-2188A1E55B8C}.Debug|Any CPU.Build.0 = Debug|Any CPU
		{4B513FAC-2232-4BC7-B0B6-2188A1E55B8C}.Debug|Any CPU.Deploy.0 = Debug|Any CPU
		{4B513FAC-2232-4BC7-B0B6-2188A1E55B8C}.Debug|iPhone.ActiveCfg = Debug|Any CPU
		{4B513FAC-2232-4BC7-B0B6-2188A1E55B8C}.Debug|iPhone.Build.0 = Debug|Any CPU
		{4B513FAC-2232-4BC7-B0B6-2188A1E55B8C}.Debug|iPhone.Deploy.0 = Debug|Any CPU
		{4B513FAC-2232-4BC7-B0B6-2188A1E55B8C}.Debug|iPhoneSimulator.ActiveCfg = Debug|Any CPU
		{4B513FAC-2232-4BC7-B0B6-2188A1E55B8C}.Debug|iPhoneSimulator.Build.0 = Debug|Any CPU
		{4B513FAC-2232-4BC7-B0B6-2188A1E55B8C}.Debug|iPhoneSimulator.Deploy.0 = Debug|Any CPU
		{4B513FAC-2232-4BC7-B0B6-2188A1E55B8C}.Release|Any CPU.ActiveCfg = Release|Any CPU
		{4B513FAC-2232-4BC7-B0B6-2188A1E55B8C}.Release|Any CPU.Build.0 = Release|Any CPU
		{4B513FAC-2232-4BC7-B0B6-2188A1E55B8C}.Release|Any CPU.Deploy.0 = Release|Any CPU
		{4B513FAC-2232-4BC7-B0B6-2188A1E55B8C}.Release|iPhone.ActiveCfg = Release|Any CPU
		{4B513FAC-2232-4BC7-B0B6-2188A1E55B8C}.Release|iPhone.Build.0 = Release|Any CPU
		{4B513FAC-2232-4BC7-B0B6-2188A1E55B8C}.Release|iPhone.Deploy.0 = Release|Any CPU
		{4B513FAC-2232-4BC7-B0B6-2188A1E55B8C}.Release|iPhoneSimulator.ActiveCfg = Release|Any CPU
		{4B513FAC-2232-4BC7-B0B6-2188A1E55B8C}.Release|iPhoneSimulator.Build.0 = Release|Any CPU
		{4B513FAC-2232-4BC7-B0B6-2188A1E55B8C}.Release|iPhoneSimulator.Deploy.0 = Release|Any CPU
		{4CB67D83-D041-411B-8605-C30F772C5D4A}.Debug|Any CPU.ActiveCfg = Debug|Any CPU
		{4CB67D83-D041-411B-8605-C30F772C5D4A}.Debug|Any CPU.Build.0 = Debug|Any CPU
		{4CB67D83-D041-411B-8605-C30F772C5D4A}.Debug|iPhone.ActiveCfg = Debug|Any CPU
		{4CB67D83-D041-411B-8605-C30F772C5D4A}.Debug|iPhone.Build.0 = Debug|Any CPU
		{4CB67D83-D041-411B-8605-C30F772C5D4A}.Debug|iPhoneSimulator.ActiveCfg = Debug|Any CPU
		{4CB67D83-D041-411B-8605-C30F772C5D4A}.Debug|iPhoneSimulator.Build.0 = Debug|Any CPU
		{4CB67D83-D041-411B-8605-C30F772C5D4A}.Release|Any CPU.ActiveCfg = Release|Any CPU
		{4CB67D83-D041-411B-8605-C30F772C5D4A}.Release|Any CPU.Build.0 = Release|Any CPU
		{4CB67D83-D041-411B-8605-C30F772C5D4A}.Release|iPhone.ActiveCfg = Release|Any CPU
		{4CB67D83-D041-411B-8605-C30F772C5D4A}.Release|iPhone.Build.0 = Release|Any CPU
		{4CB67D83-D041-411B-8605-C30F772C5D4A}.Release|iPhoneSimulator.ActiveCfg = Release|Any CPU
		{4CB67D83-D041-411B-8605-C30F772C5D4A}.Release|iPhoneSimulator.Build.0 = Release|Any CPU
	EndGlobalSection
	GlobalSection(SolutionProperties) = preSolution
		HideSolutionNode = FALSE
	EndGlobalSection
	GlobalSection(ExtensibilityGlobals) = postSolution
		SolutionGuid = {31B96553-4E23-4B24-910B-429D5453DD70}
	EndGlobalSection
EndGlobal
